# This file is automatically @generated by Poetry 1.6.1 and should not be changed by hand.

[[package]]
name = "asgiref"
version = "3.7.2"
description = "ASGI specs, helper code, and adapters"
optional = false
python-versions = ">=3.7"
files = [
    {file = "asgiref-3.7.2-py3-none-any.whl", hash = "sha256:89b2ef2247e3b562a16eef663bc0e2e703ec6468e2fa8a5cd61cd449786d4f6e"},
    {file = "asgiref-3.7.2.tar.gz", hash = "sha256:9e0ce3aa93a819ba5b45120216b23878cf6e8525eb3848653452b4192b92afed"},
]

[package.extras]
tests = ["mypy (>=0.800)", "pytest", "pytest-asyncio"]

[[package]]
name = "django"
version = "4.2.5"
description = "A high-level Python web framework that encourages rapid development and clean, pragmatic design."
optional = false
python-versions = ">=3.8"
files = [
    {file = "Django-4.2.5-py3-none-any.whl", hash = "sha256:b6b2b5cae821077f137dc4dade696a1c2aa292f892eca28fa8d7bfdf2608ddd4"},
    {file = "Django-4.2.5.tar.gz", hash = "sha256:5e5c1c9548ffb7796b4a8a4782e9a2e5a3df3615259fc1bfd3ebc73b646146c1"},
]

[package.dependencies]
asgiref = ">=3.6.0,<4"
sqlparse = ">=0.3.1"
tzdata = {version = "*", markers = "sys_platform == \"win32\""}

[package.extras]
argon2 = ["argon2-cffi (>=19.1.0)"]
bcrypt = ["bcrypt"]

[[package]]
name = "djangorestframework"
version = "3.14.0"
description = "Web APIs for Django, made easy."
optional = false
python-versions = ">=3.6"
files = [
    {file = "djangorestframework-3.14.0-py3-none-any.whl", hash = "sha256:eb63f58c9f218e1a7d064d17a70751f528ed4e1d35547fdade9aaf4cd103fd08"},
    {file = "djangorestframework-3.14.0.tar.gz", hash = "sha256:579a333e6256b09489cbe0a067e66abe55c6595d8926be6b99423786334350c8"},
]

[package.dependencies]
django = ">=3.0"
pytz = "*"

[[package]]
name = "pillow"
version = "10.0.1"
description = "Python Imaging Library (Fork)"
optional = false
python-versions = ">=3.8"
files = [
    {file = "Pillow-10.0.1-cp310-cp310-macosx_10_10_x86_64.whl", hash = "sha256:8f06be50669087250f319b706decf69ca71fdecd829091a37cc89398ca4dc17a"},
    {file = "Pillow-10.0.1-cp310-cp310-macosx_11_0_arm64.whl", hash = "sha256:50bd5f1ebafe9362ad622072a1d2f5850ecfa44303531ff14353a4059113b12d"},
    {file = "Pillow-10.0.1-cp310-cp310-manylinux_2_17_aarch64.manylinux2014_aarch64.whl", hash = "sha256:e6a90167bcca1216606223a05e2cf991bb25b14695c518bc65639463d7db722d"},
    {file = "Pillow-10.0.1-cp310-cp310-manylinux_2_17_x86_64.manylinux2014_x86_64.whl", hash = "sha256:f11c9102c56ffb9ca87134bd025a43d2aba3f1155f508eff88f694b33a9c6d19"},
    {file = "Pillow-10.0.1-cp310-cp310-manylinux_2_28_aarch64.whl", hash = "sha256:186f7e04248103482ea6354af6d5bcedb62941ee08f7f788a1c7707bc720c66f"},
    {file = "Pillow-10.0.1-cp310-cp310-manylinux_2_28_x86_64.whl", hash = "sha256:0462b1496505a3462d0f35dc1c4d7b54069747d65d00ef48e736acda2c8cbdff"},
    {file = "Pillow-10.0.1-cp310-cp310-musllinux_1_1_aarch64.whl", hash = "sha256:d889b53ae2f030f756e61a7bff13684dcd77e9af8b10c6048fb2c559d6ed6eaf"},
    {file = "Pillow-10.0.1-cp310-cp310-musllinux_1_1_x86_64.whl", hash = "sha256:552912dbca585b74d75279a7570dd29fa43b6d93594abb494ebb31ac19ace6bd"},
    {file = "Pillow-10.0.1-cp310-cp310-win_amd64.whl", hash = "sha256:787bb0169d2385a798888e1122c980c6eff26bf941a8ea79747d35d8f9210ca0"},
    {file = "Pillow-10.0.1-cp311-cp311-macosx_10_10_x86_64.whl", hash = "sha256:fd2a5403a75b54661182b75ec6132437a181209b901446ee5724b589af8edef1"},
    {file = "Pillow-10.0.1-cp311-cp311-macosx_11_0_arm64.whl", hash = "sha256:2d7e91b4379f7a76b31c2dda84ab9e20c6220488e50f7822e59dac36b0cd92b1"},
    {file = "Pillow-10.0.1-cp311-cp311-manylinux_2_17_aarch64.manylinux2014_aarch64.whl", hash = "sha256:19e9adb3f22d4c416e7cd79b01375b17159d6990003633ff1d8377e21b7f1b21"},
    {file = "Pillow-10.0.1-cp311-cp311-manylinux_2_17_x86_64.manylinux2014_x86_64.whl", hash = "sha256:93139acd8109edcdeffd85e3af8ae7d88b258b3a1e13a038f542b79b6d255c54"},
    {file = "Pillow-10.0.1-cp311-cp311-manylinux_2_28_aarch64.whl", hash = "sha256:92a23b0431941a33242b1f0ce6c88a952e09feeea9af4e8be48236a68ffe2205"},
    {file = "Pillow-10.0.1-cp311-cp311-manylinux_2_28_x86_64.whl", hash = "sha256:cbe68deb8580462ca0d9eb56a81912f59eb4542e1ef8f987405e35a0179f4ea2"},
    {file = "Pillow-10.0.1-cp311-cp311-musllinux_1_1_aarch64.whl", hash = "sha256:522ff4ac3aaf839242c6f4e5b406634bfea002469656ae8358644fc6c4856a3b"},
    {file = "Pillow-10.0.1-cp311-cp311-musllinux_1_1_x86_64.whl", hash = "sha256:84efb46e8d881bb06b35d1d541aa87f574b58e87f781cbba8d200daa835b42e1"},
    {file = "Pillow-10.0.1-cp311-cp311-win_amd64.whl", hash = "sha256:898f1d306298ff40dc1b9ca24824f0488f6f039bc0e25cfb549d3195ffa17088"},
    {file = "Pillow-10.0.1-cp312-cp312-macosx_10_10_x86_64.whl", hash = "sha256:bcf1207e2f2385a576832af02702de104be71301c2696d0012b1b93fe34aaa5b"},
    {file = "Pillow-10.0.1-cp312-cp312-macosx_11_0_arm64.whl", hash = "sha256:5d6c9049c6274c1bb565021367431ad04481ebb54872edecfcd6088d27edd6ed"},
    {file = "Pillow-10.0.1-cp312-cp312-manylinux_2_17_aarch64.manylinux2014_aarch64.whl", hash = "sha256:28444cb6ad49726127d6b340217f0627abc8732f1194fd5352dec5e6a0105635"},
    {file = "Pillow-10.0.1-cp312-cp312-manylinux_2_17_x86_64.manylinux2014_x86_64.whl", hash = "sha256:de596695a75496deb3b499c8c4f8e60376e0516e1a774e7bc046f0f48cd620ad"},
    {file = "Pillow-10.0.1-cp312-cp312-manylinux_2_28_aarch64.whl", hash = "sha256:2872f2d7846cf39b3dbff64bc1104cc48c76145854256451d33c5faa55c04d1a"},
    {file = "Pillow-10.0.1-cp312-cp312-manylinux_2_28_x86_64.whl", hash = "sha256:4ce90f8a24e1c15465048959f1e94309dfef93af272633e8f37361b824532e91"},
    {file = "Pillow-10.0.1-cp312-cp312-musllinux_1_1_aarch64.whl", hash = "sha256:ee7810cf7c83fa227ba9125de6084e5e8b08c59038a7b2c9045ef4dde61663b4"},
    {file = "Pillow-10.0.1-cp312-cp312-musllinux_1_1_x86_64.whl", hash = "sha256:b1be1c872b9b5fcc229adeadbeb51422a9633abd847c0ff87dc4ef9bb184ae08"},
    {file = "Pillow-10.0.1-cp312-cp312-win_amd64.whl", hash = "sha256:98533fd7fa764e5f85eebe56c8e4094db912ccbe6fbf3a58778d543cadd0db08"},
    {file = "Pillow-10.0.1-cp38-cp38-macosx_10_10_x86_64.whl", hash = "sha256:764d2c0daf9c4d40ad12fbc0abd5da3af7f8aa11daf87e4fa1b834000f4b6b0a"},
    {file = "Pillow-10.0.1-cp38-cp38-macosx_11_0_arm64.whl", hash = "sha256:fcb59711009b0168d6ee0bd8fb5eb259c4ab1717b2f538bbf36bacf207ef7a68"},
    {file = "Pillow-10.0.1-cp38-cp38-manylinux_2_17_aarch64.manylinux2014_aarch64.whl", hash = "sha256:697a06bdcedd473b35e50a7e7506b1d8ceb832dc238a336bd6f4f5aa91a4b500"},
    {file = "Pillow-10.0.1-cp38-cp38-manylinux_2_17_x86_64.manylinux2014_x86_64.whl", hash = "sha256:9f665d1e6474af9f9da5e86c2a3a2d2d6204e04d5af9c06b9d42afa6ebde3f21"},
    {file = "Pillow-10.0.1-cp38-cp38-manylinux_2_28_aarch64.whl", hash = "sha256:2fa6dd2661838c66f1a5473f3b49ab610c98a128fc08afbe81b91a1f0bf8c51d"},
    {file = "Pillow-10.0.1-cp38-cp38-manylinux_2_28_x86_64.whl", hash = "sha256:3a04359f308ebee571a3127fdb1bd01f88ba6f6fb6d087f8dd2e0d9bff43f2a7"},
    {file = "Pillow-10.0.1-cp38-cp38-musllinux_1_1_aarch64.whl", hash = "sha256:723bd25051454cea9990203405fa6b74e043ea76d4968166dfd2569b0210886a"},
    {file = "Pillow-10.0.1-cp38-cp38-musllinux_1_1_x86_64.whl", hash = "sha256:71671503e3015da1b50bd18951e2f9daf5b6ffe36d16f1eb2c45711a301521a7"},
    {file = "Pillow-10.0.1-cp38-cp38-win_amd64.whl", hash = "sha256:44e7e4587392953e5e251190a964675f61e4dae88d1e6edbe9f36d6243547ff3"},
    {file = "Pillow-10.0.1-cp39-cp39-macosx_10_10_x86_64.whl", hash = "sha256:3855447d98cced8670aaa63683808df905e956f00348732448b5a6df67ee5849"},
    {file = "Pillow-10.0.1-cp39-cp39-macosx_11_0_arm64.whl", hash = "sha256:ed2d9c0704f2dc4fa980b99d565c0c9a543fe5101c25b3d60488b8ba80f0cce1"},
    {file = "Pillow-10.0.1-cp39-cp39-manylinux_2_17_aarch64.manylinux2014_aarch64.whl", hash = "sha256:f5bb289bb835f9fe1a1e9300d011eef4d69661bb9b34d5e196e5e82c4cb09b37"},
    {file = "Pillow-10.0.1-cp39-cp39-manylinux_2_17_x86_64.manylinux2014_x86_64.whl", hash = "sha256:3a0d3e54ab1df9df51b914b2233cf779a5a10dfd1ce339d0421748232cea9876"},
    {file = "Pillow-10.0.1-cp39-cp39-manylinux_2_28_aarch64.whl", hash = "sha256:2cc6b86ece42a11f16f55fe8903595eff2b25e0358dec635d0a701ac9586588f"},
    {file = "Pillow-10.0.1-cp39-cp39-manylinux_2_28_x86_64.whl", hash = "sha256:ca26ba5767888c84bf5a0c1a32f069e8204ce8c21d00a49c90dabeba00ce0145"},
    {file = "Pillow-10.0.1-cp39-cp39-musllinux_1_1_aarch64.whl", hash = "sha256:f0b4b06da13275bc02adfeb82643c4a6385bd08d26f03068c2796f60d125f6f2"},
    {file = "Pillow-10.0.1-cp39-cp39-musllinux_1_1_x86_64.whl", hash = "sha256:bc2e3069569ea9dbe88d6b8ea38f439a6aad8f6e7a6283a38edf61ddefb3a9bf"},
    {file = "Pillow-10.0.1-cp39-cp39-win_amd64.whl", hash = "sha256:8b451d6ead6e3500b6ce5c7916a43d8d8d25ad74b9102a629baccc0808c54971"},
    {file = "Pillow-10.0.1-pp310-pypy310_pp73-macosx_10_10_x86_64.whl", hash = "sha256:32bec7423cdf25c9038fef614a853c9d25c07590e1a870ed471f47fb80b244db"},
    {file = "Pillow-10.0.1-pp310-pypy310_pp73-manylinux_2_17_x86_64.manylinux2014_x86_64.whl", hash = "sha256:b7cf63d2c6928b51d35dfdbda6f2c1fddbe51a6bc4a9d4ee6ea0e11670dd981e"},
    {file = "Pillow-10.0.1-pp310-pypy310_pp73-manylinux_2_28_x86_64.whl", hash = "sha256:f6d3d4c905e26354e8f9d82548475c46d8e0889538cb0657aa9c6f0872a37aa4"},
    {file = "Pillow-10.0.1-pp310-pypy310_pp73-win_amd64.whl", hash = "sha256:847e8d1017c741c735d3cd1883fa7b03ded4f825a6e5fcb9378fd813edee995f"},
    {file = "Pillow-10.0.1-pp39-pypy39_pp73-macosx_10_10_x86_64.whl", hash = "sha256:7f771e7219ff04b79e231d099c0a28ed83aa82af91fd5fa9fdb28f5b8d5addaf"},
    {file = "Pillow-10.0.1-pp39-pypy39_pp73-manylinux_2_17_x86_64.manylinux2014_x86_64.whl", hash = "sha256:459307cacdd4138edee3875bbe22a2492519e060660eaf378ba3b405d1c66317"},
    {file = "Pillow-10.0.1-pp39-pypy39_pp73-manylinux_2_28_x86_64.whl", hash = "sha256:b059ac2c4c7a97daafa7dc850b43b2d3667def858a4f112d1aa082e5c3d6cf7d"},
    {file = "Pillow-10.0.1-pp39-pypy39_pp73-win_amd64.whl", hash = "sha256:d6caf3cd38449ec3cd8a68b375e0c6fe4b6fd04edb6c9766b55ef84a6e8ddf2d"},
    {file = "Pillow-10.0.1.tar.gz", hash = "sha256:d72967b06be9300fed5cfbc8b5bafceec48bf7cdc7dab66b1d2549035287191d"},
]

[package.extras]
docs = ["furo", "olefile", "sphinx (>=2.4)", "sphinx-copybutton", "sphinx-inline-tabs", "sphinx-removed-in", "sphinxext-opengraph"]
tests = ["check-manifest", "coverage", "defusedxml", "markdown2", "olefile", "packaging", "pyroma", "pytest", "pytest-cov", "pytest-timeout"]

[[package]]
name = "psycopg"
version = "3.1.11"
description = "PostgreSQL database adapter for Python"
optional = false
python-versions = ">=3.7"
files = [
    {file = "psycopg-3.1.11-py3-none-any.whl", hash = "sha256:7542c45810ea16356e5126c9b4291cbc3802aa326fcbba09ff154fe380de29be"},
    {file = "psycopg-3.1.11.tar.gz", hash = "sha256:cd711edb64b07d7f8a233c365806caf7e55bbe7cbbd8d5c680f672bb5353c8d5"},
]

[package.dependencies]
psycopg-binary = {version = "3.1.11", optional = true, markers = "extra == \"binary\""}
typing-extensions = ">=4.1"
tzdata = {version = "*", markers = "sys_platform == \"win32\""}

[package.extras]
binary = ["psycopg-binary (==3.1.11)"]
c = ["psycopg-c (==3.1.11)"]
dev = ["black (>=23.1.0)", "dnspython (>=2.1)", "flake8 (>=4.0)", "mypy (>=1.4.1)", "types-setuptools (>=57.4)", "wheel (>=0.37)"]
docs = ["Sphinx (>=5.0)", "furo (==2022.6.21)", "sphinx-autobuild (>=2021.3.14)", "sphinx-autodoc-typehints (>=1.12)"]
pool = ["psycopg-pool"]
test = ["anyio (>=3.6.2,<4.0)", "mypy (>=1.4.1)", "pproxy (>=2.7)", "pytest (>=6.2.5)", "pytest-cov (>=3.0)", "pytest-randomly (>=3.5)"]

[[package]]
name = "psycopg-binary"
version = "3.1.11"
description = "PostgreSQL database adapter for Python -- C optimisation distribution"
optional = false
python-versions = ">=3.7"
files = [
    {file = "psycopg_binary-3.1.11-cp310-cp310-macosx_10_9_x86_64.whl", hash = "sha256:d6b643d191b493251d3b2834a2929ab702b9e3539cdf2d4c5a923a6bc9aa4985"},
    {file = "psycopg_binary-3.1.11-cp310-cp310-macosx_11_0_arm64.whl", hash = "sha256:1125455cffb7e39d937aa43c4b738367a65969ac8daf6a688a5a83b7872c2c89"},
    {file = "psycopg_binary-3.1.11-cp310-cp310-manylinux_2_17_aarch64.manylinux2014_aarch64.whl", hash = "sha256:adf2a5e113ccbf5ba30133e91814bec2d5a10629bdf365b52f7d727994f51c54"},
    {file = "psycopg_binary-3.1.11-cp310-cp310-manylinux_2_17_i686.manylinux2014_i686.whl", hash = "sha256:f966b201d61a9021ce0bd57ac89863e3892654e1aa8d94e9ed6fbd09931f9d04"},
    {file = "psycopg_binary-3.1.11-cp310-cp310-manylinux_2_17_ppc64le.manylinux2014_ppc64le.whl", hash = "sha256:67c9717599fa6ec5852634ca4e64405af4b7cbfa5ce4e96ce6a101f27a75e6f6"},
    {file = "psycopg_binary-3.1.11-cp310-cp310-manylinux_2_17_x86_64.manylinux2014_x86_64.whl", hash = "sha256:7eb04da13d588c0407488ab3c003b81d8bbd20bdd38630690974b1329f6acb78"},
    {file = "psycopg_binary-3.1.11-cp310-cp310-musllinux_1_1_aarch64.whl", hash = "sha256:9671379d1e6118924010b20490fa66d0b46a7868b5571ff77ee9f8d1f5f6137d"},
    {file = "psycopg_binary-3.1.11-cp310-cp310-musllinux_1_1_i686.whl", hash = "sha256:86c460e1d86d70fdc919109beee2e332ed5b708a99a676564657ffd49da1e330"},
    {file = "psycopg_binary-3.1.11-cp310-cp310-musllinux_1_1_ppc64le.whl", hash = "sha256:cb725f3b168d4d714854a62609fd85cebc9be76a94851d8ca62efc604d6ae38c"},
    {file = "psycopg_binary-3.1.11-cp310-cp310-musllinux_1_1_x86_64.whl", hash = "sha256:d17d5608b08f4e5650f726a875a74c44bc840ac1d58d407f3fa58576b11f8840"},
    {file = "psycopg_binary-3.1.11-cp310-cp310-win_amd64.whl", hash = "sha256:112d59e083bee10f58636f343a5dbafd63eaf549cc00a0eb1d278d47f94244ab"},
    {file = "psycopg_binary-3.1.11-cp311-cp311-macosx_10_9_x86_64.whl", hash = "sha256:d4ee614cef003e0b79ccc6b21505405aaf6b144596c8e93f08e4e5061b20382f"},
    {file = "psycopg_binary-3.1.11-cp311-cp311-macosx_11_0_arm64.whl", hash = "sha256:9093421fcafc935402d4e1caf1f9b95879f8f8c8e50f18568b233fbe110a0cff"},
    {file = "psycopg_binary-3.1.11-cp311-cp311-manylinux_2_17_aarch64.manylinux2014_aarch64.whl", hash = "sha256:403a43f05b6cc93c749f9c60f609b3127d2fed28783df00d93ce1c34879174e4"},
    {file = "psycopg_binary-3.1.11-cp311-cp311-manylinux_2_17_i686.manylinux2014_i686.whl", hash = "sha256:264ce7152713310ffa355d4e746ffcecb5706836b086c30fff16e522b36052b5"},
    {file = "psycopg_binary-3.1.11-cp311-cp311-manylinux_2_17_ppc64le.manylinux2014_ppc64le.whl", hash = "sha256:dd16d03ef0b1cfff0b9adffa59265f37ecbf060d92466458970d6bffe68f0baa"},
    {file = "psycopg_binary-3.1.11-cp311-cp311-manylinux_2_17_x86_64.manylinux2014_x86_64.whl", hash = "sha256:9d6f60975171ce97ccf63c953c038abd70c2f0a92b5246e231f2e23df4fe95d6"},
    {file = "psycopg_binary-3.1.11-cp311-cp311-musllinux_1_1_aarch64.whl", hash = "sha256:a01c2de6a798ccbe3df0cdd608611e7988820e40b7b6e166698e2570d422ecd8"},
    {file = "psycopg_binary-3.1.11-cp311-cp311-musllinux_1_1_i686.whl", hash = "sha256:9d2bf3718620bd94486d697084d64cabe82766270cc639eee8792af4467c07de"},
    {file = "psycopg_binary-3.1.11-cp311-cp311-musllinux_1_1_ppc64le.whl", hash = "sha256:7b731a4510ffc0fd98f852ea54397cb173ff7ec0d78e4f1e56cbb0736c58a2f2"},
    {file = "psycopg_binary-3.1.11-cp311-cp311-musllinux_1_1_x86_64.whl", hash = "sha256:2dcd661f28d86d46bbafb390a36ebc095fd6aaf6851af865f136149ef0365103"},
    {file = "psycopg_binary-3.1.11-cp311-cp311-win_amd64.whl", hash = "sha256:856fa116847e02c64cb218e566d6dc282f1ae015cf6301ecfd1f184f0ca63aa3"},
    {file = "psycopg_binary-3.1.11-cp37-cp37m-macosx_10_9_x86_64.whl", hash = "sha256:549b6437c7664a8d6d151927b9b8a47a893f6fb494ca203bfcea9bfe900025bc"},
    {file = "psycopg_binary-3.1.11-cp37-cp37m-manylinux_2_17_aarch64.manylinux2014_aarch64.whl", hash = "sha256:41806470423ad22750871096293a61dde84b9a8bc2afe445b24a43ddaab32523"},
    {file = "psycopg_binary-3.1.11-cp37-cp37m-manylinux_2_17_i686.manylinux2014_i686.whl", hash = "sha256:d5f427c31422452f50bc37807d863d08191356a6569ad0a81b2c46c1a86bea53"},
    {file = "psycopg_binary-3.1.11-cp37-cp37m-manylinux_2_17_ppc64le.manylinux2014_ppc64le.whl", hash = "sha256:52b2dc4fd159e5efae9b352e193427b8c418c1db4f2a243ab3f91c47c288bad5"},
    {file = "psycopg_binary-3.1.11-cp37-cp37m-manylinux_2_17_x86_64.manylinux2014_x86_64.whl", hash = "sha256:992a828ef15c14b2d9a620d5308b90ca8c5002db3e67a1707a79579942e7a32e"},
    {file = "psycopg_binary-3.1.11-cp37-cp37m-musllinux_1_1_aarch64.whl", hash = "sha256:ba7df55a331f8db15bd38fb73531fafff2dd847956170a0ca56a431fc8cad94a"},
    {file = "psycopg_binary-3.1.11-cp37-cp37m-musllinux_1_1_i686.whl", hash = "sha256:8d59390ac47390e997d18bb51a578c66d6a40f29fd37aea67873410fd985e9f6"},
    {file = "psycopg_binary-3.1.11-cp37-cp37m-musllinux_1_1_ppc64le.whl", hash = "sha256:7dd68347e7ac28cd7eca5b3e56dfb9f316b5bf26c16c5e40372d9689b2a4e9f9"},
    {file = "psycopg_binary-3.1.11-cp37-cp37m-musllinux_1_1_x86_64.whl", hash = "sha256:6b25d734c3944e8e7e37872ce90a8de41fc6e57b547611ff6339a0dd1ad74b33"},
    {file = "psycopg_binary-3.1.11-cp37-cp37m-win_amd64.whl", hash = "sha256:5774ebecff7cf4088c301d77991de9dab52e5eba5ecd4c896afbb4f9f0846c97"},
    {file = "psycopg_binary-3.1.11-cp38-cp38-macosx_10_9_x86_64.whl", hash = "sha256:bc206326bce9942e62f1fa80cc1a764ba8af0fa7dad9c7441209846e0323d5d1"},
    {file = "psycopg_binary-3.1.11-cp38-cp38-macosx_11_0_arm64.whl", hash = "sha256:833d088533d1d6ed758d0fd263666f0d7ceb8a4d8dd4ae440ac041fdf018f651"},
    {file = "psycopg_binary-3.1.11-cp38-cp38-manylinux_2_17_aarch64.manylinux2014_aarch64.whl", hash = "sha256:89bc2fe2514035556a7fcb5afc52136767359094b937951067975879e94989eb"},
    {file = "psycopg_binary-3.1.11-cp38-cp38-manylinux_2_17_i686.manylinux2014_i686.whl", hash = "sha256:ef0be7c87d9ec0aa29a8bbf0399cf16d0d768331619898b28c6088960215f646"},
    {file = "psycopg_binary-3.1.11-cp38-cp38-manylinux_2_17_ppc64le.manylinux2014_ppc64le.whl", hash = "sha256:593a3081754e57deec56ce7ee8449837a3b937eab2cd6f52aaa59ecbf76005fc"},
    {file = "psycopg_binary-3.1.11-cp38-cp38-manylinux_2_17_x86_64.manylinux2014_x86_64.whl", hash = "sha256:0ddd364ea43f799be615e3729210f19a58e0996dda7b01a53de0e7001f15d082"},
    {file = "psycopg_binary-3.1.11-cp38-cp38-musllinux_1_1_aarch64.whl", hash = "sha256:2f2b2b51d6bee271bb5ebe37beca751107276bb4f6ea32d960b44ef1cef3b571"},
    {file = "psycopg_binary-3.1.11-cp38-cp38-musllinux_1_1_i686.whl", hash = "sha256:f4cd0c5ac86e2e1f32e93de3a124f79a7a5d24364349de7120535116775047aa"},
    {file = "psycopg_binary-3.1.11-cp38-cp38-musllinux_1_1_ppc64le.whl", hash = "sha256:460aa41b4b42e640bed3127de80324a292f5a91032af7da441b6a820cb6907f9"},
    {file = "psycopg_binary-3.1.11-cp38-cp38-musllinux_1_1_x86_64.whl", hash = "sha256:81a7efca200b0eba256c4141e255c1961c4ed1b099904cc57fa01f4751b43255"},
    {file = "psycopg_binary-3.1.11-cp38-cp38-win_amd64.whl", hash = "sha256:4fc2a2f89b9f985a01e2a3830d9fa7572bf902e11eb0229f8cf46c52bf8d5520"},
    {file = "psycopg_binary-3.1.11-cp39-cp39-macosx_10_9_x86_64.whl", hash = "sha256:96c9d992d0b1fd014a0f824b49eb02b6c512608e343dbabdee0fe261a2c9496a"},
    {file = "psycopg_binary-3.1.11-cp39-cp39-macosx_11_0_arm64.whl", hash = "sha256:b7da780c259257d8cf78a1b766cfaf493a26a27cdfccd9c8d62289ae54ab663f"},
    {file = "psycopg_binary-3.1.11-cp39-cp39-manylinux_2_17_aarch64.manylinux2014_aarch64.whl", hash = "sha256:e8c3bc72e937097b0e7d586cdee0a4d30e19651c406eb5e6d225a4bf4db3d234"},
    {file = "psycopg_binary-3.1.11-cp39-cp39-manylinux_2_17_i686.manylinux2014_i686.whl", hash = "sha256:8f13f27232397a24432d74a41feb87ea376fb6f8f3d28eb42c526e3403bbdea0"},
    {file = "psycopg_binary-3.1.11-cp39-cp39-manylinux_2_17_ppc64le.manylinux2014_ppc64le.whl", hash = "sha256:c6ad686b35f9c65c0c917255da72682436caf96c5f6e9fa6a0d26e1990d40ca6"},
    {file = "psycopg_binary-3.1.11-cp39-cp39-manylinux_2_17_x86_64.manylinux2014_x86_64.whl", hash = "sha256:c481d3371f7f2e0cada201cdd0d30739633729a243ed6aadb54563fd73b654b0"},
    {file = "psycopg_binary-3.1.11-cp39-cp39-musllinux_1_1_aarch64.whl", hash = "sha256:12f296e0af084b463a2dd65de6987dc833e12cfab940ef3c451ef05a420322bc"},
    {file = "psycopg_binary-3.1.11-cp39-cp39-musllinux_1_1_i686.whl", hash = "sha256:3a5b25093370280e176b2830012363b48f05fb7773ebaf3b9ab00dbf5027952c"},
    {file = "psycopg_binary-3.1.11-cp39-cp39-musllinux_1_1_ppc64le.whl", hash = "sha256:e9e2849fec6dd461ef0923a6b2bb659d7d7eafb5c9f9302f27a8cab205abe406"},
    {file = "psycopg_binary-3.1.11-cp39-cp39-musllinux_1_1_x86_64.whl", hash = "sha256:b88e6204e9c8d6fcd41928ac3721930e404ae64dd4718fc0ff5cf4559ff11d88"},
    {file = "psycopg_binary-3.1.11-cp39-cp39-win_amd64.whl", hash = "sha256:c95a61b49ca62600eaa54165e5c7630c3bced7957402df83f511acd48ff2abf6"},
]

[[package]]
name = "pytz"
version = "2023.3.post1"
description = "World timezone definitions, modern and historical"
optional = false
python-versions = "*"
files = [
    {file = "pytz-2023.3.post1-py2.py3-none-any.whl", hash = "sha256:ce42d816b81b68506614c11e8937d3aa9e41007ceb50bfdcb0749b921bf646c7"},
    {file = "pytz-2023.3.post1.tar.gz", hash = "sha256:7b4fddbeb94a1eba4b557da24f19fdf9db575192544270a9101d8509f9f43d7b"},
]

[[package]]
name = "sqlparse"
version = "0.4.4"
description = "A non-validating SQL parser."
optional = false
python-versions = ">=3.5"
files = [
    {file = "sqlparse-0.4.4-py3-none-any.whl", hash = "sha256:5430a4fe2ac7d0f93e66f1efc6e1338a41884b7ddf2a350cedd20ccc4d9d28f3"},
    {file = "sqlparse-0.4.4.tar.gz", hash = "sha256:d446183e84b8349fa3061f0fe7f06ca94ba65b426946ffebe6e3e8295332420c"},
]

[package.extras]
dev = ["build", "flake8"]
doc = ["sphinx"]
test = ["pytest", "pytest-cov"]

[[package]]
name = "typing-extensions"
version = "4.8.0"
description = "Backported and Experimental Type Hints for Python 3.8+"
optional = false
python-versions = ">=3.8"
files = [
    {file = "typing_extensions-4.8.0-py3-none-any.whl", hash = "sha256:8f92fc8806f9a6b641eaa5318da32b44d401efaac0f6678c9bc448ba3605faa0"},
    {file = "typing_extensions-4.8.0.tar.gz", hash = "sha256:df8e4339e9cb77357558cbdbceca33c303714cf861d1eef15e1070055ae8b7ef"},
]

[[package]]
name = "tzdata"
version = "2023.3"
description = "Provider of IANA time zone data"
optional = false
python-versions = ">=2"
files = [
    {file = "tzdata-2023.3-py2.py3-none-any.whl", hash = "sha256:7e65763eef3120314099b6939b5546db7adce1e7d6f2e179e3df563c70511eda"},
    {file = "tzdata-2023.3.tar.gz", hash = "sha256:11ef1e08e54acb0d4f95bdb1be05da659673de4acbd21bf9c69e94cc5e907a3a"},
]

[metadata]
lock-version = "2.0"
python-versions = "^3.11"
content-hash = "46c0041ddf6adbe9b7906e8edb1f7074250fd72c3bb994752d5aef6fc8c8c78f"
